
Microsoft Visual Studio Solution File, Format Version 12.00
# Visual Studio Version 17
VisualStudioVersion = 17.0.31903.59
MinimumVisualStudioVersion = 10.0.40219.1
Project("{FAE04EC0-301F-11D3-BF4B-00C04F79EFBC}") = "SpaceBattle.Lib", "SpaceBattle.Lib\SpaceBattle.Lib.csproj", "{430272FA-F6CA-43FE-8ECF-32C57AAB4C4A}"
EndProject
Project("{FAE04EC0-301F-11D3-BF4B-00C04F79EFBC}") = "SpaceBattle.Lib.Tests", "SpaceBattle.Lib.Tests\SpaceBattle.Lib.Tests.csproj", "{29A6596F-0C36-4DB5-9E3F-7D7FA2FE8997}"
EndProject
Project("{FAE04EC0-301F-11D3-BF4B-00C04F79EFBC}") = "SpaceBattle.Server", "SpaceBattle.Server\SpaceBattle.Server.csproj", "{9AD968D7-BBBF-47D8-8064-3671F8842735}"
EndProject
Global
	GlobalSection(SolutionConfigurationPlatforms) = preSolution
		Debug|Any CPU = Debug|Any CPU
		Release|Any CPU = Release|Any CPU
	EndGlobalSection
	GlobalSection(SolutionProperties) = preSolution
		HideSolutionNode = FALSE
	EndGlobalSection
	GlobalSection(ProjectConfigurationPlatforms) = postSolution
		{430272FA-F6CA-43FE-8ECF-32C57AAB4C4A}.Debug|Any CPU.ActiveCfg = Debug|Any CPU
		{430272FA-F6CA-43FE-8ECF-32C57AAB4C4A}.Debug|Any CPU.Build.0 = Debug|Any CPU
		{430272FA-F6CA-43FE-8ECF-32C57AAB4C4A}.Release|Any CPU.ActiveCfg = Release|Any CPU
		{430272FA-F6CA-43FE-8ECF-32C57AAB4C4A}.Release|Any CPU.Build.0 = Release|Any CPU
		{29A6596F-0C36-4DB5-9E3F-7D7FA2FE8997}.Debug|Any CPU.ActiveCfg = Debug|Any CPU
		{29A6596F-0C36-4DB5-9E3F-7D7FA2FE8997}.Debug|Any CPU.Build.0 = Debug|Any CPU
		{29A6596F-0C36-4DB5-9E3F-7D7FA2FE8997}.Release|Any CPU.ActiveCfg = Release|Any CPU
		{29A6596F-0C36-4DB5-9E3F-7D7FA2FE8997}.Release|Any CPU.Build.0 = Release|Any CPU
		{9AD968D7-BBBF-47D8-8064-3671F8842735}.Debug|Any CPU.ActiveCfg = Debug|Any CPU
		{9AD968D7-BBBF-47D8-8064-3671F8842735}.Debug|Any CPU.Build.0 = Debug|Any CPU
		{9AD968D7-BBBF-47D8-8064-3671F8842735}.Release|Any CPU.ActiveCfg = Release|Any CPU
		{9AD968D7-BBBF-47D8-8064-3671F8842735}.Release|Any CPU.Build.0 = Release|Any CPU
	EndGlobalSection
EndGlobal
